
Microsoft Visual Studio Solution File, Format Version 12.00
# Visual Studio Version 16
VisualStudioVersion = 16.0.29306.81
MinimumVisualStudioVersion = 10.0.40219.1
Project("{FAE04EC0-301F-11D3-BF4B-00C04F79EFBC}") = "PreMigrationHealthChecks", "PreMigrationHealthChecks\PreMigrationHealthChecks.csproj", "{95B659EB-7E07-4442-A19C-ED670C57405F}"
EndProject
Global
	GlobalSection(SolutionConfigurationPlatforms) = preSolution
		Debug|Any CPU = Debug|Any CPU
		Release|Any CPU = Release|Any CPU
	EndGlobalSection
	GlobalSection(ProjectConfigurationPlatforms) = postSolution
		{95B659EB-7E07-4442-A19C-ED670C57405F}.Debug|Any CPU.ActiveCfg = Debug|Any CPU
		{95B659EB-7E07-4442-A19C-ED670C57405F}.Debug|Any CPU.Build.0 = Debug|Any CPU
		{95B659EB-7E07-4442-A19C-ED670C57405F}.Release|Any CPU.ActiveCfg = Release|Any CPU
		{95B659EB-7E07-4442-A19C-ED670C57405F}.Release|Any CPU.Build.0 = Release|Any CPU
	EndGlobalSection
	GlobalSection(SolutionProperties) = preSolution
		HideSolutionNode = FALSE
	EndGlobalSection
	GlobalSection(ExtensibilityGlobals) = postSolution
		SolutionGuid = {A40B8A2D-B6CA-4EE0-B0CB-14ACF731DC8C}
	EndGlobalSection
EndGlobal
